{
  "requires": true,
  "lockfileVersion": 1,
  "dependencies": {
    "flow-bin": {
      "version": "0.96.0",
      "resolved": "https://registry.npmjs.org/flow-bin/-/flow-bin-0.96.0.tgz",
      "integrity": "sha512-OSxERs0EdhVxEVCst/HmlT/RcnXsQQIRqcfK9J9wC8/93JQj+xQz4RtlsmYe1PSRYaozuDLyPS5pIA81Zwzaww==",
      "dev": true
    }
  }
}
